<?xml version="1.0" encoding="utf-8"?>
<Project ToolsVersion="4.0" xmlns="http://schemas.microsoft.com/developer/msbuild/2003">
  <ItemGroup>
    <Filter Include="Quelldateien">
      <UniqueIdentifier>{4FC737F1-C7A5-4376-A066-2A32D752A2FF}</UniqueIdentifier>
      <Extensions>cpp;c;cc;cxx;def;odl;idl;hpj;bat;asm;asmx</Extensions>
    </Filter>
    <Filter Include="Headerdateien">
      <UniqueIdentifier>{93995380-89BD-4b04-88EB-625FBE52EBFB}</UniqueIdentifier>
      <Extensions>h;hh;hpp;hxx;hm;inl;inc;xsd</Extensions>
    </Filter>
    <Filter Include="Ressourcendateien">
      <UniqueIdentifier>{67DA6AB6-F800-4c08-8B7A-83BB121AAD01}</UniqueIdentifier>
      <Extensions>rc;ico;cur;bmp;dlg;rc2;rct;bin;rgs;gif;jpg;jpeg;jpe;resx;tiff;tif;png;wav;mfcribbon-ms</Extensions>
    </Filter>
  </ItemGroup>
  <ItemGroup>
    <ClCompile Include="main.cpp">
      <Filter>Quelldateien</Filter>
    </ClCompile>
    <ClCompile Include="ELT.cpp">
      <Filter>Quelldateien</Filter>
    </ClCompile>
    <ClCompile Include="Panel.cpp">
      <Filter>Quelldateien</Filter>
    </ClCompile>
    <ClCompile Include="AIRCOND.cpp">
      <Filter>Quelldateien</Filter>
    </ClCompile>
    <ClCompile Include="ANTIICE.cpp">
      <Filter>Quelldateien</Filter>
    </ClCompile>
    <ClCompile Include="DOORS.cpp">
      <Filter>Quelldateien</Filter>
    </ClCompile>
    <ClCompile Include="ENGINEECC.cpp">
      <Filter>Quelldateien</Filter>
    </ClCompile>
    <ClCompile Include="FRECSTALLTEST.cpp">
      <Filter>Quelldateien</Filter>
    </ClCompile>
    <ClCompile Include="FUEL.cpp">
      <Filter>Quelldateien</Filter>
    </ClCompile>
    <ClCompile Include="HEAT.cpp">
      <Filter>Quelldateien</Filter>
    </ClCompile>
    <ClCompile Include="LED.cpp">
      <Filter>Quelldateien</Filter>
    </ClCompile>
    <ClCompile Include="OXY.cpp">
      <Filter>Quelldateien</Filter>
    </ClCompile>
    <ClCompile Include="PNEUMATICS.cpp">
      <Filter>Quelldateien</Filter>
    </ClCompile>
    <ClCompile Include="TPANEL.cpp">
      <Filter>Quelldateien</Filter>
    </ClCompile>
    <ClCompile Include="IRS.cpp">
      <Filter>Quelldateien</Filter>
    </ClCompile>
    <ClCompile Include="HYDRAULICS.cpp">
      <Filter>Quelldateien</Filter>
    </ClCompile>
    <ClCompile Include="ELEC.cpp">
      <Filter>Quelldateien</Filter>
    </ClCompile>
    <ClCompile Include="FIRE.cpp">
      <Filter>Quelldateien</Filter>
    </ClCompile>
    <ClCompile Include="MIP.cpp">
      <Filter>Quelldateien</Filter>
    </ClCompile>
    <ClCompile Include="VOICEREC.cpp">
      <Filter>Quelldateien</Filter>
    </ClCompile>
    <ClCompile Include="SYSTEMS_Gear.cpp">
      <Filter>Quelldateien</Filter>
    </ClCompile>
    <ClCompile Include="SYSTEMS_APU.cpp">
      <Filter>Quelldateien</Filter>
    </ClCompile>
  </ItemGroup>
  <ItemGroup>
    <ClInclude Include="ELT.h">
      <Filter>Headerdateien</Filter>
    </ClInclude>
    <ClInclude Include="Panel.h">
      <Filter>Headerdateien</Filter>
    </ClInclude>
    <ClInclude Include="AIRCOND.h">
      <Filter>Headerdateien</Filter>
    </ClInclude>
    <ClInclude Include="ANTIICE.h">
      <Filter>Headerdateien</Filter>
    </ClInclude>
    <ClInclude Include="DOORS.h">
      <Filter>Headerdateien</Filter>
    </ClInclude>
    <ClInclude Include="ENGINEECC.h">
      <Filter>Headerdateien</Filter>
    </ClInclude>
    <ClInclude Include="FRECSTALLTEST.h">
      <Filter>Headerdateien</Filter>
    </ClInclude>
    <ClInclude Include="FUEL.h">
      <Filter>Headerdateien</Filter>
    </ClInclude>
    <ClInclude Include="HEAT.h">
      <Filter>Headerdateien</Filter>
    </ClInclude>
    <ClInclude Include="resource.h">
      <Filter>Headerdateien</Filter>
    </ClInclude>
    <ClInclude Include="LED.h">
      <Filter>Headerdateien</Filter>
    </ClInclude>
    <ClInclude Include="OXY.h">
      <Filter>Headerdateien</Filter>
    </ClInclude>
    <ClInclude Include="PNEUMATICS.h">
      <Filter>Headerdateien</Filter>
    </ClInclude>
    <ClInclude Include="TPANEL.h">
      <Filter>Headerdateien</Filter>
    </ClInclude>
    <ClInclude Include="IRS.h">
      <Filter>Headerdateien</Filter>
    </ClInclude>
    <ClInclude Include="HYDRAULICS.h">
      <Filter>Headerdateien</Filter>
    </ClInclude>
    <ClInclude Include="ELEC.h">
      <Filter>Headerdateien</Filter>
    </ClInclude>
    <ClInclude Include="FIRE.h">
      <Filter>Headerdateien</Filter>
    </ClInclude>
    <ClInclude Include="MIP.h">
      <Filter>Headerdateien</Filter>
    </ClInclude>
    <ClInclude Include="VOICEREC.h">
      <Filter>Headerdateien</Filter>
    </ClInclude>
    <ClInclude Include="SYSTEMS_Gear.h">
      <Filter>Headerdateien</Filter>
    </ClInclude>
    <ClInclude Include="SYSTEMS_APU.h">
      <Filter>Headerdateien</Filter>
    </ClInclude>
  </ItemGroup>
  <ItemGroup>
    <Image Include="icon.ico">
      <Filter>Ressourcendateien</Filter>
    </Image>
  </ItemGroup>
  <ItemGroup>
    <ResourceCompile Include="FS737_Systems.rc">
      <Filter>Ressourcendateien</Filter>
    </ResourceCompile>
  </ItemGroup>
</Project>